
Microsoft Visual Studio Solution File, Format Version 12.00
# Visual Studio 2012
Project("{F184B08F-C81C-45F6-A57F-5ABD9991F28F}") = "Linhdmps02739", "Linhdmps02739\Linhdmps02739.vbproj", "{F8E560A7-D253-41E2-AB38-BD0EF451341F}"
EndProject
Global
	GlobalSection(SolutionConfigurationPlatforms) = preSolution
		Debug|Any CPU = Debug|Any CPU
		Release|Any CPU = Release|Any CPU
	EndGlobalSection
	GlobalSection(ProjectConfigurationPlatforms) = postSolution
		{F8E560A7-D253-41E2-AB38-BD0EF451341F}.Debug|Any CPU.ActiveCfg = Debug|Any CPU
		{F8E560A7-D253-41E2-AB38-BD0EF451341F}.Debug|Any CPU.Build.0 = Debug|Any CPU
		{F8E560A7-D253-41E2-AB38-BD0EF451341F}.Release|Any CPU.ActiveCfg = Release|Any CPU
		{F8E560A7-D253-41E2-AB38-BD0EF451341F}.Release|Any CPU.Build.0 = Release|Any CPU
	EndGlobalSection
	GlobalSection(SolutionProperties) = preSolution
		HideSolutionNode = FALSE
	EndGlobalSection
EndGlobal
